
Microsoft Visual Studio Solution File, Format Version 12.00
# Visual Studio 2013
VisualStudioVersion = 12.0.30723.0
MinimumVisualStudioVersion = 10.0.40219.1
Project("{FAE04EC0-301F-11D3-BF4B-00C04F79EFBC}") = "NoteOne.Core.Win8", "NoteOne.Core\NoteOne.Core.Win8.csproj", "{DB78D313-1066-48A8-B333-CA2F3A35678D}"
EndProject
Project("{FAE04EC0-301F-11D3-BF4B-00C04F79EFBC}") = "NoteOne.Utility.Win8", "NoteOne.Utility\NoteOne.Utility.Win8.csproj", "{22E2DFB3-53A9-448E-9FDE-9CC93329E40D}"
EndProject
Project("{2150E333-8FDC-42A3-9474-1A3956D46DE8}") = ".nuget", ".nuget", "{17E331CB-87CE-43B2-A03B-4C158AE51260}"
	ProjectSection(SolutionItems) = preProject
		.nuget\NuGet.Config = .nuget\NuGet.Config
		.nuget\NuGet.exe = .nuget\NuGet.exe
		.nuget\NuGet.targets = .nuget\NuGet.targets
	EndProjectSection
EndProject
Project("{FAE04EC0-301F-11D3-BF4B-00C04F79EFBC}") = "NoteOne.ImageHelper.Win8", "NoteOne.ImageHelper.Win8\NoteOne.ImageHelper.Win8.csproj", "{C5C49E12-9063-47F3-967B-D51FD735A546}"
EndProject
Global
	GlobalSection(TeamFoundationVersionControl) = preSolution
		SccNumberOfProjects = 3
		SccEnterpriseProvider = {4CA58AB2-18FA-4F8D-95D4-32DDF27D184C}
		SccTeamFoundationServer = https://jarrey.visualstudio.com/defaultcollection
		SccProjectUniqueName0 = NoteOne.Core\\NoteOne.Core.Win8.csproj
		SccProjectName0 = NoteOne.Core
		SccAuxPath0 = https://jarrey.visualstudio.com/defaultcollection
		SccLocalPath0 = NoteOne.Core
		SccProvider0 = {4CA58AB2-18FA-4F8D-95D4-32DDF27D184C}
		SccProjectUniqueName1 = NoteOne.Utility\\NoteOne.Utility.Win8.csproj
		SccProjectName1 = NoteOne.Utility
		SccAuxPath1 = https://jarrey.visualstudio.com/defaultcollection
		SccLocalPath1 = NoteOne.Utility
		SccProvider1 = {4CA58AB2-18FA-4F8D-95D4-32DDF27D184C}
		SccProjectUniqueName2 = NoteOne.ImageHelper.Win8\\NoteOne.ImageHelper.Win8.csproj
		SccProjectName2 = NoteOne.ImageHelper.Win8
		SccAuxPath2 = https://jarrey.visualstudio.com/defaultcollection
		SccLocalPath2 = NoteOne.ImageHelper.Win8
		SccProvider2 = {4CA58AB2-18FA-4F8D-95D4-32DDF27D184C}
	EndGlobalSection
	GlobalSection(SolutionConfigurationPlatforms) = preSolution
		Debug|Any CPU = Debug|Any CPU
		Debug|ARM = Debug|ARM
		Debug|x64 = Debug|x64
		Debug|x86 = Debug|x86
		Release|Any CPU = Release|Any CPU
		Release|ARM = Release|ARM
		Release|x64 = Release|x64
		Release|x86 = Release|x86
	EndGlobalSection
	GlobalSection(ProjectConfigurationPlatforms) = postSolution
		{DB78D313-1066-48A8-B333-CA2F3A35678D}.Debug|Any CPU.ActiveCfg = Debug|Any CPU
		{DB78D313-1066-48A8-B333-CA2F3A35678D}.Debug|Any CPU.Build.0 = Debug|Any CPU
		{DB78D313-1066-48A8-B333-CA2F3A35678D}.Debug|ARM.ActiveCfg = Debug|ARM
		{DB78D313-1066-48A8-B333-CA2F3A35678D}.Debug|ARM.Build.0 = Debug|ARM
		{DB78D313-1066-48A8-B333-CA2F3A35678D}.Debug|x64.ActiveCfg = Debug|x64
		{DB78D313-1066-48A8-B333-CA2F3A35678D}.Debug|x64.Build.0 = Debug|x64
		{DB78D313-1066-48A8-B333-CA2F3A35678D}.Debug|x86.ActiveCfg = Debug|x86
		{DB78D313-1066-48A8-B333-CA2F3A35678D}.Debug|x86.Build.0 = Debug|x86
		{DB78D313-1066-48A8-B333-CA2F3A35678D}.Release|Any CPU.ActiveCfg = Release|Any CPU
		{DB78D313-1066-48A8-B333-CA2F3A35678D}.Release|Any CPU.Build.0 = Release|Any CPU
		{DB78D313-1066-48A8-B333-CA2F3A35678D}.Release|ARM.ActiveCfg = Release|ARM
		{DB78D313-1066-48A8-B333-CA2F3A35678D}.Release|ARM.Build.0 = Release|ARM
		{DB78D313-1066-48A8-B333-CA2F3A35678D}.Release|x64.ActiveCfg = Release|x64
		{DB78D313-1066-48A8-B333-CA2F3A35678D}.Release|x64.Build.0 = Release|x64
		{DB78D313-1066-48A8-B333-CA2F3A35678D}.Release|x86.ActiveCfg = Release|x86
		{DB78D313-1066-48A8-B333-CA2F3A35678D}.Release|x86.Build.0 = Release|x86
		{22E2DFB3-53A9-448E-9FDE-9CC93329E40D}.Debug|Any CPU.ActiveCfg = Debug|Any CPU
		{22E2DFB3-53A9-448E-9FDE-9CC93329E40D}.Debug|Any CPU.Build.0 = Debug|Any CPU
		{22E2DFB3-53A9-448E-9FDE-9CC93329E40D}.Debug|ARM.ActiveCfg = Debug|ARM
		{22E2DFB3-53A9-448E-9FDE-9CC93329E40D}.Debug|ARM.Build.0 = Debug|ARM
		{22E2DFB3-53A9-448E-9FDE-9CC93329E40D}.Debug|x64.ActiveCfg = Debug|x64
		{22E2DFB3-53A9-448E-9FDE-9CC93329E40D}.Debug|x64.Build.0 = Debug|x64
		{22E2DFB3-53A9-448E-9FDE-9CC93329E40D}.Debug|x86.ActiveCfg = Debug|x86
		{22E2DFB3-53A9-448E-9FDE-9CC93329E40D}.Debug|x86.Build.0 = Debug|x86
		{22E2DFB3-53A9-448E-9FDE-9CC93329E40D}.Release|Any CPU.ActiveCfg = Release|Any CPU
		{22E2DFB3-53A9-448E-9FDE-9CC93329E40D}.Release|Any CPU.Build.0 = Release|Any CPU
		{22E2DFB3-53A9-448E-9FDE-9CC93329E40D}.Release|ARM.ActiveCfg = Release|ARM
		{22E2DFB3-53A9-448E-9FDE-9CC93329E40D}.Release|ARM.Build.0 = Release|ARM
		{22E2DFB3-53A9-448E-9FDE-9CC93329E40D}.Release|x64.ActiveCfg = Release|x64
		{22E2DFB3-53A9-448E-9FDE-9CC93329E40D}.Release|x64.Build.0 = Release|x64
		{22E2DFB3-53A9-448E-9FDE-9CC93329E40D}.Release|x86.ActiveCfg = Release|x86
		{22E2DFB3-53A9-448E-9FDE-9CC93329E40D}.Release|x86.Build.0 = Release|x86
		{C5C49E12-9063-47F3-967B-D51FD735A546}.Debug|Any CPU.ActiveCfg = Debug|Any CPU
		{C5C49E12-9063-47F3-967B-D51FD735A546}.Debug|Any CPU.Build.0 = Debug|Any CPU
		{C5C49E12-9063-47F3-967B-D51FD735A546}.Debug|ARM.ActiveCfg = Debug|ARM
		{C5C49E12-9063-47F3-967B-D51FD735A546}.Debug|ARM.Build.0 = Debug|ARM
		{C5C49E12-9063-47F3-967B-D51FD735A546}.Debug|x64.ActiveCfg = Debug|x64
		{C5C49E12-9063-47F3-967B-D51FD735A546}.Debug|x64.Build.0 = Debug|x64
		{C5C49E12-9063-47F3-967B-D51FD735A546}.Debug|x86.ActiveCfg = Debug|x86
		{C5C49E12-9063-47F3-967B-D51FD735A546}.Debug|x86.Build.0 = Debug|x86
		{C5C49E12-9063-47F3-967B-D51FD735A546}.Release|Any CPU.ActiveCfg = Release|Any CPU
		{C5C49E12-9063-47F3-967B-D51FD735A546}.Release|Any CPU.Build.0 = Release|Any CPU
		{C5C49E12-9063-47F3-967B-D51FD735A546}.Release|ARM.ActiveCfg = Release|ARM
		{C5C49E12-9063-47F3-967B-D51FD735A546}.Release|ARM.Build.0 = Release|ARM
		{C5C49E12-9063-47F3-967B-D51FD735A546}.Release|x64.ActiveCfg = Release|x64
		{C5C49E12-9063-47F3-967B-D51FD735A546}.Release|x64.Build.0 = Release|x64
		{C5C49E12-9063-47F3-967B-D51FD735A546}.Release|x86.ActiveCfg = Release|x86
		{C5C49E12-9063-47F3-967B-D51FD735A546}.Release|x86.Build.0 = Release|x86
	EndGlobalSection
	GlobalSection(SolutionProperties) = preSolution
		HideSolutionNode = FALSE
	EndGlobalSection
EndGlobal
